
Microsoft Visual Studio Solution File, Format Version 12.00
# Visual Studio Version 17
VisualStudioVersion = 17.14.36221.1 d17.14
MinimumVisualStudioVersion = 10.0.40219.1
Project("{FAE04EC0-301F-11D3-BF4B-00C04F79EFBC}") = "Task", "Task\Task.csproj", "{24BE76BB-A944-43BA-9F80-29AE13640FCE}"
EndProject
Global
	GlobalSection(SolutionConfigurationPlatforms) = preSolution
		Debug|Any CPU = Debug|Any CPU
		Release|Any CPU = Release|Any CPU
	EndGlobalSection
	GlobalSection(ProjectConfigurationPlatforms) = postSolution
		{24BE76BB-A944-43BA-9F80-29AE13640FCE}.Debug|Any CPU.ActiveCfg = Debug|Any CPU
		{24BE76BB-A944-43BA-9F80-29AE13640FCE}.Debug|Any CPU.Build.0 = Debug|Any CPU
		{24BE76BB-A944-43BA-9F80-29AE13640FCE}.Release|Any CPU.ActiveCfg = Release|Any CPU
		{24BE76BB-A944-43BA-9F80-29AE13640FCE}.Release|Any CPU.Build.0 = Release|Any CPU
	EndGlobalSection
	GlobalSection(SolutionProperties) = preSolution
		HideSolutionNode = FALSE
	EndGlobalSection
	GlobalSection(ExtensibilityGlobals) = postSolution
		SolutionGuid = {1AD9B7EC-FA43-4FFF-8729-0C515187FA58}
	EndGlobalSection
EndGlobal
